
Microsoft Visual Studio Solution File, Format Version 12.00
# Visual Studio 14
VisualStudioVersion = 14.0.25420.1
MinimumVisualStudioVersion = 10.0.40219.1
Project("{8BC9CEB8-8B4A-11D0-8D11-00A0C91BC942}") = "Executive", "Project2\Project2.vcxproj", "{1279E28A-37E3-478E-A8E3-C1A5CE7DEFB5}"
EndProject
Project("{8BC9CEB8-8B4A-11D0-8D11-00A0C91BC942}") = "CodeAnalyze", "CodeAnalyze\CodeAnalyze.vcxproj", "{C9577BF6-9E66-42E3-A2B2-F1EE916A2811}"
EndProject
Project("{8BC9CEB8-8B4A-11D0-8D11-00A0C91BC942}") = "Cpp11-BlockingQueue", "Cpp11-BlockingQueue\Cpp11-BlockingQueue.vcxproj", "{3578C2FA-9162-4EBF-A16D-B233AAE2555B}"
EndProject
Project("{8BC9CEB8-8B4A-11D0-8D11-00A0C91BC942}") = "NoSqlDb", "NoSqlDb\NoSqlDb.vcxproj", "{46879B66-5780-4779-8446-49DE2C9FE613}"
EndProject
Project("{8BC9CEB8-8B4A-11D0-8D11-00A0C91BC942}") = "TypeTable", "TypeTable\TypeTable.vcxproj", "{E34A07E7-1AA9-44A2-AE43-4AC5145ACC10}"
EndProject
Project("{8BC9CEB8-8B4A-11D0-8D11-00A0C91BC942}") = "TypeAnalysis", "TypeAnalysis\TypeAnalysis.vcxproj", "{958AA7A6-F3C7-4071-B5A1-94507B81F39A}"
EndProject
Project("{8BC9CEB8-8B4A-11D0-8D11-00A0C91BC942}") = "DependencyAnalysis", "DependencyAnalysis\DependencyAnalysis.vcxproj", "{2D5EA226-0048-4596-AEFD-4894BB383757}"
EndProject
Project("{8BC9CEB8-8B4A-11D0-8D11-00A0C91BC942}") = "Graph", "Graph\Graph.vcxproj", "{F806A8A1-C74F-485D-9DD7-5D8407F4AF4B}"
EndProject
Project("{8BC9CEB8-8B4A-11D0-8D11-00A0C91BC942}") = "StrongComponents", "StrongComponents\StrongComponents.vcxproj", "{05EB557F-9715-4C0D-8F86-DC6EB1775032}"
EndProject
Project("{8BC9CEB8-8B4A-11D0-8D11-00A0C91BC942}") = "Display", "Display\Display.vcxproj", "{DD2978D4-D5E8-4052-BC6E-89FC5F962386}"
EndProject
Project("{8BC9CEB8-8B4A-11D0-8D11-00A0C91BC942}") = "ConvertHtml", "ConvertHtml\ConvertHtml.vcxproj", "{8E0CBA84-965D-449C-9F52-AF38CC559025}"
EndProject
Project("{8BC9CEB8-8B4A-11D0-8D11-00A0C91BC942}") = "Client", "Client\ClientAndServer.vcxproj", "{3DA711B7-D631-46B6-8373-46997ABF0D4C}"
EndProject
Project("{8BC9CEB8-8B4A-11D0-8D11-00A0C91BC942}") = "Server", "Server\Server.vcxproj", "{EC63E408-9837-4180-A180-FE1F047052A3}"
EndProject
Project("{8BC9CEB8-8B4A-11D0-8D11-00A0C91BC942}") = "HttpMessage", "HttpMessage\HttpMessage.vcxproj", "{3145A0F7-CEED-4551-A9F6-74AA9189BAAD}"
EndProject
Project("{8BC9CEB8-8B4A-11D0-8D11-00A0C91BC942}") = "MockChannel", "MockChannel\MockChannel.vcxproj", "{8A5B596C-C501-4CF0-AF7E-6E23F53B18BD}"
EndProject
Project("{8BC9CEB8-8B4A-11D0-8D11-00A0C91BC942}") = "CppCli-WPF-App", "CppCli-WPF-App\CppCli-WPF-App.vcxproj", "{9B64F370-F9F4-4EE7-87DC-31B469402E30}"
EndProject
Project("{8BC9CEB8-8B4A-11D0-8D11-00A0C91BC942}") = "Sockets", "Sockets\Sockets.vcxproj", "{CA3129B8-1BF4-44C9-B116-53EC72D0BCCB}"
EndProject
Global
	GlobalSection(SolutionConfigurationPlatforms) = preSolution
		Debug|x64 = Debug|x64
		Debug|x86 = Debug|x86
		Release|x64 = Release|x64
		Release|x86 = Release|x86
	EndGlobalSection
	GlobalSection(ProjectConfigurationPlatforms) = postSolution
		{1279E28A-37E3-478E-A8E3-C1A5CE7DEFB5}.Debug|x64.ActiveCfg = Debug|x64
		{1279E28A-37E3-478E-A8E3-C1A5CE7DEFB5}.Debug|x64.Build.0 = Debug|x64
		{1279E28A-37E3-478E-A8E3-C1A5CE7DEFB5}.Debug|x86.ActiveCfg = Debug|Win32
		{1279E28A-37E3-478E-A8E3-C1A5CE7DEFB5}.Debug|x86.Build.0 = Debug|Win32
		{1279E28A-37E3-478E-A8E3-C1A5CE7DEFB5}.Release|x64.ActiveCfg = Release|x64
		{1279E28A-37E3-478E-A8E3-C1A5CE7DEFB5}.Release|x64.Build.0 = Release|x64
		{1279E28A-37E3-478E-A8E3-C1A5CE7DEFB5}.Release|x86.ActiveCfg = Release|Win32
		{1279E28A-37E3-478E-A8E3-C1A5CE7DEFB5}.Release|x86.Build.0 = Release|Win32
		{C9577BF6-9E66-42E3-A2B2-F1EE916A2811}.Debug|x64.ActiveCfg = Debug|x64
		{C9577BF6-9E66-42E3-A2B2-F1EE916A2811}.Debug|x64.Build.0 = Debug|x64
		{C9577BF6-9E66-42E3-A2B2-F1EE916A2811}.Debug|x86.ActiveCfg = Debug|Win32
		{C9577BF6-9E66-42E3-A2B2-F1EE916A2811}.Debug|x86.Build.0 = Debug|Win32
		{C9577BF6-9E66-42E3-A2B2-F1EE916A2811}.Release|x64.ActiveCfg = Release|x64
		{C9577BF6-9E66-42E3-A2B2-F1EE916A2811}.Release|x64.Build.0 = Release|x64
		{C9577BF6-9E66-42E3-A2B2-F1EE916A2811}.Release|x86.ActiveCfg = Release|Win32
		{C9577BF6-9E66-42E3-A2B2-F1EE916A2811}.Release|x86.Build.0 = Release|Win32
		{3578C2FA-9162-4EBF-A16D-B233AAE2555B}.Debug|x64.ActiveCfg = Debug|x64
		{3578C2FA-9162-4EBF-A16D-B233AAE2555B}.Debug|x64.Build.0 = Debug|x64
		{3578C2FA-9162-4EBF-A16D-B233AAE2555B}.Debug|x86.ActiveCfg = Debug|Win32
		{3578C2FA-9162-4EBF-A16D-B233AAE2555B}.Debug|x86.Build.0 = Debug|Win32
		{3578C2FA-9162-4EBF-A16D-B233AAE2555B}.Release|x64.ActiveCfg = Release|x64
		{3578C2FA-9162-4EBF-A16D-B233AAE2555B}.Release|x64.Build.0 = Release|x64
		{3578C2FA-9162-4EBF-A16D-B233AAE2555B}.Release|x86.ActiveCfg = Release|Win32
		{3578C2FA-9162-4EBF-A16D-B233AAE2555B}.Release|x86.Build.0 = Release|Win32
		{46879B66-5780-4779-8446-49DE2C9FE613}.Debug|x64.ActiveCfg = Debug|x64
		{46879B66-5780-4779-8446-49DE2C9FE613}.Debug|x64.Build.0 = Debug|x64
		{46879B66-5780-4779-8446-49DE2C9FE613}.Debug|x86.ActiveCfg = Debug|Win32
		{46879B66-5780-4779-8446-49DE2C9FE613}.Debug|x86.Build.0 = Debug|Win32
		{46879B66-5780-4779-8446-49DE2C9FE613}.Release|x64.ActiveCfg = Release|x64
		{46879B66-5780-4779-8446-49DE2C9FE613}.Release|x64.Build.0 = Release|x64
		{46879B66-5780-4779-8446-49DE2C9FE613}.Release|x86.ActiveCfg = Release|Win32
		{46879B66-5780-4779-8446-49DE2C9FE613}.Release|x86.Build.0 = Release|Win32
		{E34A07E7-1AA9-44A2-AE43-4AC5145ACC10}.Debug|x64.ActiveCfg = Debug|x64
		{E34A07E7-1AA9-44A2-AE43-4AC5145ACC10}.Debug|x64.Build.0 = Debug|x64
		{E34A07E7-1AA9-44A2-AE43-4AC5145ACC10}.Debug|x86.ActiveCfg = Debug|Win32
		{E34A07E7-1AA9-44A2-AE43-4AC5145ACC10}.Debug|x86.Build.0 = Debug|Win32
		{E34A07E7-1AA9-44A2-AE43-4AC5145ACC10}.Release|x64.ActiveCfg = Release|x64
		{E34A07E7-1AA9-44A2-AE43-4AC5145ACC10}.Release|x64.Build.0 = Release|x64
		{E34A07E7-1AA9-44A2-AE43-4AC5145ACC10}.Release|x86.ActiveCfg = Release|Win32
		{E34A07E7-1AA9-44A2-AE43-4AC5145ACC10}.Release|x86.Build.0 = Release|Win32
		{958AA7A6-F3C7-4071-B5A1-94507B81F39A}.Debug|x64.ActiveCfg = Debug|x64
		{958AA7A6-F3C7-4071-B5A1-94507B81F39A}.Debug|x64.Build.0 = Debug|x64
		{958AA7A6-F3C7-4071-B5A1-94507B81F39A}.Debug|x86.ActiveCfg = Debug|Win32
		{958AA7A6-F3C7-4071-B5A1-94507B81F39A}.Debug|x86.Build.0 = Debug|Win32
		{958AA7A6-F3C7-4071-B5A1-94507B81F39A}.Release|x64.ActiveCfg = Release|x64
		{958AA7A6-F3C7-4071-B5A1-94507B81F39A}.Release|x64.Build.0 = Release|x64
		{958AA7A6-F3C7-4071-B5A1-94507B81F39A}.Release|x86.ActiveCfg = Release|Win32
		{958AA7A6-F3C7-4071-B5A1-94507B81F39A}.Release|x86.Build.0 = Release|Win32
		{2D5EA226-0048-4596-AEFD-4894BB383757}.Debug|x64.ActiveCfg = Debug|x64
		{2D5EA226-0048-4596-AEFD-4894BB383757}.Debug|x64.Build.0 = Debug|x64
		{2D5EA226-0048-4596-AEFD-4894BB383757}.Debug|x86.ActiveCfg = Debug|Win32
		{2D5EA226-0048-4596-AEFD-4894BB383757}.Debug|x86.Build.0 = Debug|Win32
		{2D5EA226-0048-4596-AEFD-4894BB383757}.Release|x64.ActiveCfg = Release|x64
		{2D5EA226-0048-4596-AEFD-4894BB383757}.Release|x64.Build.0 = Release|x64
		{2D5EA226-0048-4596-AEFD-4894BB383757}.Release|x86.ActiveCfg = Release|Win32
		{2D5EA226-0048-4596-AEFD-4894BB383757}.Release|x86.Build.0 = Release|Win32
		{F806A8A1-C74F-485D-9DD7-5D8407F4AF4B}.Debug|x64.ActiveCfg = Debug|x64
		{F806A8A1-C74F-485D-9DD7-5D8407F4AF4B}.Debug|x64.Build.0 = Debug|x64
		{F806A8A1-C74F-485D-9DD7-5D8407F4AF4B}.Debug|x86.ActiveCfg = Debug|Win32
		{F806A8A1-C74F-485D-9DD7-5D8407F4AF4B}.Debug|x86.Build.0 = Debug|Win32
		{F806A8A1-C74F-485D-9DD7-5D8407F4AF4B}.Release|x64.ActiveCfg = Release|x64
		{F806A8A1-C74F-485D-9DD7-5D8407F4AF4B}.Release|x64.Build.0 = Release|x64
		{F806A8A1-C74F-485D-9DD7-5D8407F4AF4B}.Release|x86.ActiveCfg = Release|Win32
		{F806A8A1-C74F-485D-9DD7-5D8407F4AF4B}.Release|x86.Build.0 = Release|Win32
		{05EB557F-9715-4C0D-8F86-DC6EB1775032}.Debug|x64.ActiveCfg = Debug|x64
		{05EB557F-9715-4C0D-8F86-DC6EB1775032}.Debug|x64.Build.0 = Debug|x64
		{05EB557F-9715-4C0D-8F86-DC6EB1775032}.Debug|x86.ActiveCfg = Debug|Win32
		{05EB557F-9715-4C0D-8F86-DC6EB1775032}.Debug|x86.Build.0 = Debug|Win32
		{05EB557F-9715-4C0D-8F86-DC6EB1775032}.Release|x64.ActiveCfg = Release|x64
		{05EB557F-9715-4C0D-8F86-DC6EB1775032}.Release|x64.Build.0 = Release|x64
		{05EB557F-9715-4C0D-8F86-DC6EB1775032}.Release|x86.ActiveCfg = Release|Win32
		{05EB557F-9715-4C0D-8F86-DC6EB1775032}.Release|x86.Build.0 = Release|Win32
		{DD2978D4-D5E8-4052-BC6E-89FC5F962386}.Debug|x64.ActiveCfg = Debug|x64
		{DD2978D4-D5E8-4052-BC6E-89FC5F962386}.Debug|x64.Build.0 = Debug|x64
		{DD2978D4-D5E8-4052-BC6E-89FC5F962386}.Debug|x86.ActiveCfg = Debug|Win32
		{DD2978D4-D5E8-4052-BC6E-89FC5F962386}.Debug|x86.Build.0 = Debug|Win32
		{DD2978D4-D5E8-4052-BC6E-89FC5F962386}.Release|x64.ActiveCfg = Release|x64
		{DD2978D4-D5E8-4052-BC6E-89FC5F962386}.Release|x64.Build.0 = Release|x64
		{DD2978D4-D5E8-4052-BC6E-89FC5F962386}.Release|x86.ActiveCfg = Release|Win32
		{DD2978D4-D5E8-4052-BC6E-89FC5F962386}.Release|x86.Build.0 = Release|Win32
		{8E0CBA84-965D-449C-9F52-AF38CC559025}.Debug|x64.ActiveCfg = Debug|x64
		{8E0CBA84-965D-449C-9F52-AF38CC559025}.Debug|x64.Build.0 = Debug|x64
		{8E0CBA84-965D-449C-9F52-AF38CC559025}.Debug|x86.ActiveCfg = Debug|Win32
		{8E0CBA84-965D-449C-9F52-AF38CC559025}.Debug|x86.Build.0 = Debug|Win32
		{8E0CBA84-965D-449C-9F52-AF38CC559025}.Release|x64.ActiveCfg = Release|x64
		{8E0CBA84-965D-449C-9F52-AF38CC559025}.Release|x64.Build.0 = Release|x64
		{8E0CBA84-965D-449C-9F52-AF38CC559025}.Release|x86.ActiveCfg = Release|Win32
		{8E0CBA84-965D-449C-9F52-AF38CC559025}.Release|x86.Build.0 = Release|Win32
		{3DA711B7-D631-46B6-8373-46997ABF0D4C}.Debug|x64.ActiveCfg = Debug|x64
		{3DA711B7-D631-46B6-8373-46997ABF0D4C}.Debug|x64.Build.0 = Debug|x64
		{3DA711B7-D631-46B6-8373-46997ABF0D4C}.Debug|x86.ActiveCfg = Debug|Win32
		{3DA711B7-D631-46B6-8373-46997ABF0D4C}.Debug|x86.Build.0 = Debug|Win32
		{3DA711B7-D631-46B6-8373-46997ABF0D4C}.Release|x64.ActiveCfg = Release|x64
		{3DA711B7-D631-46B6-8373-46997ABF0D4C}.Release|x64.Build.0 = Release|x64
		{3DA711B7-D631-46B6-8373-46997ABF0D4C}.Release|x86.ActiveCfg = Release|Win32
		{3DA711B7-D631-46B6-8373-46997ABF0D4C}.Release|x86.Build.0 = Release|Win32
		{EC63E408-9837-4180-A180-FE1F047052A3}.Debug|x64.ActiveCfg = Debug|x64
		{EC63E408-9837-4180-A180-FE1F047052A3}.Debug|x64.Build.0 = Debug|x64
		{EC63E408-9837-4180-A180-FE1F047052A3}.Debug|x86.ActiveCfg = Debug|Win32
		{EC63E408-9837-4180-A180-FE1F047052A3}.Debug|x86.Build.0 = Debug|Win32
		{EC63E408-9837-4180-A180-FE1F047052A3}.Release|x64.ActiveCfg = Release|x64
		{EC63E408-9837-4180-A180-FE1F047052A3}.Release|x64.Build.0 = Release|x64
		{EC63E408-9837-4180-A180-FE1F047052A3}.Release|x86.ActiveCfg = Release|Win32
		{EC63E408-9837-4180-A180-FE1F047052A3}.Release|x86.Build.0 = Release|Win32
		{3145A0F7-CEED-4551-A9F6-74AA9189BAAD}.Debug|x64.ActiveCfg = Debug|x64
		{3145A0F7-CEED-4551-A9F6-74AA9189BAAD}.Debug|x64.Build.0 = Debug|x64
		{3145A0F7-CEED-4551-A9F6-74AA9189BAAD}.Debug|x86.ActiveCfg = Debug|Win32
		{3145A0F7-CEED-4551-A9F6-74AA9189BAAD}.Debug|x86.Build.0 = Debug|Win32
		{3145A0F7-CEED-4551-A9F6-74AA9189BAAD}.Release|x64.ActiveCfg = Release|x64
		{3145A0F7-CEED-4551-A9F6-74AA9189BAAD}.Release|x64.Build.0 = Release|x64
		{3145A0F7-CEED-4551-A9F6-74AA9189BAAD}.Release|x86.ActiveCfg = Release|Win32
		{3145A0F7-CEED-4551-A9F6-74AA9189BAAD}.Release|x86.Build.0 = Release|Win32
		{8A5B596C-C501-4CF0-AF7E-6E23F53B18BD}.Debug|x64.ActiveCfg = Debug|Win32
		{8A5B596C-C501-4CF0-AF7E-6E23F53B18BD}.Debug|x86.ActiveCfg = Debug|Win32
		{8A5B596C-C501-4CF0-AF7E-6E23F53B18BD}.Debug|x86.Build.0 = Debug|Win32
		{8A5B596C-C501-4CF0-AF7E-6E23F53B18BD}.Release|x64.ActiveCfg = Release|Win32
		{8A5B596C-C501-4CF0-AF7E-6E23F53B18BD}.Release|x86.ActiveCfg = Release|Win32
		{8A5B596C-C501-4CF0-AF7E-6E23F53B18BD}.Release|x86.Build.0 = Release|Win32
		{9B64F370-F9F4-4EE7-87DC-31B469402E30}.Debug|x64.ActiveCfg = Debug|Win32
		{9B64F370-F9F4-4EE7-87DC-31B469402E30}.Debug|x86.ActiveCfg = Debug|Win32
		{9B64F370-F9F4-4EE7-87DC-31B469402E30}.Debug|x86.Build.0 = Debug|Win32
		{9B64F370-F9F4-4EE7-87DC-31B469402E30}.Release|x64.ActiveCfg = Release|Win32
		{9B64F370-F9F4-4EE7-87DC-31B469402E30}.Release|x86.ActiveCfg = Release|Win32
		{9B64F370-F9F4-4EE7-87DC-31B469402E30}.Release|x86.Build.0 = Release|Win32
		{CA3129B8-1BF4-44C9-B116-53EC72D0BCCB}.Debug|x64.ActiveCfg = Debug|Win32
		{CA3129B8-1BF4-44C9-B116-53EC72D0BCCB}.Debug|x86.ActiveCfg = Debug|Win32
		{CA3129B8-1BF4-44C9-B116-53EC72D0BCCB}.Debug|x86.Build.0 = Debug|Win32
		{CA3129B8-1BF4-44C9-B116-53EC72D0BCCB}.Release|x64.ActiveCfg = Release|Win32
		{CA3129B8-1BF4-44C9-B116-53EC72D0BCCB}.Release|x86.ActiveCfg = Release|Win32
		{CA3129B8-1BF4-44C9-B116-53EC72D0BCCB}.Release|x86.Build.0 = Release|Win32
	EndGlobalSection
	GlobalSection(SolutionProperties) = preSolution
		HideSolutionNode = FALSE
	EndGlobalSection
EndGlobal
